
Microsoft Visual Studio Solution File, Format Version 12.00
# Visual Studio Version 17
VisualStudioVersion = 17.1.32319.34
MinimumVisualStudioVersion = 10.0.40219.1
Project("{9A19103F-16F7-4668-BE54-9A1E7A4F7556}") = "Practical", "Practical.csproj", "{C4495C9C-D14E-4B76-8B87-81A6D5FA2828}"
EndProject
Project("{FAE04EC0-301F-11D3-BF4B-00C04F79EFBC}") = "DebuggingApplication", "..\DebuggingApplication\DebuggingApplication.csproj", "{4EF08016-9176-46E9-8D0A-CD18BB114EF6}"
EndProject
Global
	GlobalSection(SolutionConfigurationPlatforms) = preSolution
		Debug|Any CPU = Debug|Any CPU
		Release|Any CPU = Release|Any CPU
	EndGlobalSection
	GlobalSection(ProjectConfigurationPlatforms) = postSolution
		{C4495C9C-D14E-4B76-8B87-81A6D5FA2828}.Debug|Any CPU.ActiveCfg = Debug|Any CPU
		{C4495C9C-D14E-4B76-8B87-81A6D5FA2828}.Debug|Any CPU.Build.0 = Debug|Any CPU
		{C4495C9C-D14E-4B76-8B87-81A6D5FA2828}.Release|Any CPU.ActiveCfg = Release|Any CPU
		{C4495C9C-D14E-4B76-8B87-81A6D5FA2828}.Release|Any CPU.Build.0 = Release|Any CPU
		{4EF08016-9176-46E9-8D0A-CD18BB114EF6}.Debug|Any CPU.ActiveCfg = Debug|Any CPU
		{4EF08016-9176-46E9-8D0A-CD18BB114EF6}.Debug|Any CPU.Build.0 = Debug|Any CPU
		{4EF08016-9176-46E9-8D0A-CD18BB114EF6}.Release|Any CPU.ActiveCfg = Release|Any CPU
		{4EF08016-9176-46E9-8D0A-CD18BB114EF6}.Release|Any CPU.Build.0 = Release|Any CPU
	EndGlobalSection
	GlobalSection(SolutionProperties) = preSolution
		HideSolutionNode = FALSE
	EndGlobalSection
	GlobalSection(ExtensibilityGlobals) = postSolution
		SolutionGuid = {F6775E17-1C5C-4584-B73B-736B68025621}
	EndGlobalSection
EndGlobal
